
Microsoft Visual Studio Solution File, Format Version 12.00
# Visual Studio Version 16
VisualStudioVersion = 16.0.31605.320
MinimumVisualStudioVersion = 10.0.40219.1
Project("{FAE04EC0-301F-11D3-BF4B-00C04F79EFBC}") = "Hello2", "Hello2\Hello2.csproj", "{20769943-8C82-4E05-9CCC-D45827287472}"
EndProject
Project("{FAE04EC0-301F-11D3-BF4B-00C04F79EFBC}") = "Mtable22", "Mtable22\Mtable22.csproj", "{AFC25979-D223-4F61-A7D3-E8F99284B258}"
EndProject
Project("{FAE04EC0-301F-11D3-BF4B-00C04F79EFBC}") = "Mtable3", "Mtable3\Mtable3.csproj", "{91E245D6-5ED4-4F84-9634-04401B830D49}"
EndProject
Project("{FAE04EC0-301F-11D3-BF4B-00C04F79EFBC}") = "calculator", "calculator\calculator.csproj", "{CD798C29-1F16-40C7-8A90-34128048AF4A}"
EndProject
Project("{FAE04EC0-301F-11D3-BF4B-00C04F79EFBC}") = "Kő-papír-olló", "Kő-papír-olló\Kő-papír-olló.csproj", "{EB979377-67DB-4BB4-9008-30FB156E3558}"
EndProject
Project("{FAE04EC0-301F-11D3-BF4B-00C04F79EFBC}") = "Számkitaláló", "Számkitaláló\Számkitaláló.csproj", "{BA12E115-1A78-4667-BC93-B8E14E14D527}"
EndProject
Project("{FAE04EC0-301F-11D3-BF4B-00C04F79EFBC}") = "szigetek", "szigetek\szigetek.csproj", "{219AD123-5232-4B02-9F2C-1763019EA89C}"
EndProject
Project("{FAE04EC0-301F-11D3-BF4B-00C04F79EFBC}") = "bg", "bg\bg.csproj", "{C28BBBBC-DA61-4A84-9F2A-1E0BE592BFA9}"
EndProject
Project("{FAE04EC0-301F-11D3-BF4B-00C04F79EFBC}") = "pont tavolsag", "pont tavolsag\pont tavolsag.csproj", "{9692D85F-4246-44D3-9A8C-44B679AC0FB9}"
EndProject
Project("{FAE04EC0-301F-11D3-BF4B-00C04F79EFBC}") = "ponthatar", "ponthatar\ponthatar.csproj", "{B1E9BAE0-261A-4A49-9B7C-E44544F25816}"
EndProject
Project("{FAE04EC0-301F-11D3-BF4B-00C04F79EFBC}") = "aplication1", "aplication1\aplication1.csproj", "{1CCC95E5-2D56-403D-AEA2-96426E95A9F9}"
EndProject
Project("{FAE04EC0-301F-11D3-BF4B-00C04F79EFBC}") = "Dinnye", "Dinnye\Dinnye.csproj", "{2DB53B39-A954-46A2-9AAB-3758665F8C31}"
EndProject
Project("{FAE04EC0-301F-11D3-BF4B-00C04F79EFBC}") = "Class", "Class\Class.csproj", "{9411AC79-C9A3-489E-9916-95EF45D602CB}"
EndProject
Project("{FAE04EC0-301F-11D3-BF4B-00C04F79EFBC}") = "körclass", "körclass\körclass.csproj", "{0FDE565B-7F9F-43E3-8313-8266CD39F00E}"
EndProject
Project("{FAE04EC0-301F-11D3-BF4B-00C04F79EFBC}") = "Programozási tételek", "Programozási tételek\Programozási tételek.csproj", "{8B161EBB-6516-4C0A-AEC0-E2960E157598}"
EndProject
Project("{FAE04EC0-301F-11D3-BF4B-00C04F79EFBC}") = "Programozási tételek2", "Programozási tételek2\Programozási tételek2.csproj", "{4FF3D6A9-51E2-4405-B385-01DD575AF27C}"
EndProject
Project("{FAE04EC0-301F-11D3-BF4B-00C04F79EFBC}") = "kivalogatas", "kivalogatas\kivalogatas.csproj", "{607C53AA-F4A5-4BEB-918F-2DC7E8AB0D18}"
EndProject
Project("{FAE04EC0-301F-11D3-BF4B-00C04F79EFBC}") = "Binaris", "Binaris\Binaris.csproj", "{39ABBD62-5B3B-4FB6-8200-C7760FEA04E9}"
EndProject
Project("{FAE04EC0-301F-11D3-BF4B-00C04F79EFBC}") = "Lotto", "Lotto\Lotto.csproj", "{12F13C03-3F7F-433F-BF20-43AA184757A1}"
EndProject
Project("{FAE04EC0-301F-11D3-BF4B-00C04F79EFBC}") = "Menu", "Menuű\Menu.csproj", "{1F4A1B7C-ACFC-472D-9D92-8E128276437E}"
EndProject
Project("{FAE04EC0-301F-11D3-BF4B-00C04F79EFBC}") = "Kettes", "Kettes\Kettes.csproj", "{5D1F5E81-E080-4A2A-A235-F2136651DFF2}"
EndProject
Project("{FAE04EC0-301F-11D3-BF4B-00C04F79EFBC}") = "Szamrendszer", "Szamrendszer\Szamrendszer.csproj", "{3116F2DA-02D2-4768-82F6-8935D8ED26C4}"
EndProject
Project("{FAE04EC0-301F-11D3-BF4B-00C04F79EFBC}") = "Sorozat", "Sorozat\Sorozat.csproj", "{C86062A4-B011-42D7-A367-6BB3959DACA7}"
EndProject
Project("{FAE04EC0-301F-11D3-BF4B-00C04F79EFBC}") = "Lista", "Lista\Lista.csproj", "{1DF697D8-FB5B-455B-9930-293EAE221916}"
EndProject
Project("{FAE04EC0-301F-11D3-BF4B-00C04F79EFBC}") = "Elagazas", "Elagazas\Elagazas.csproj", "{FEB96C62-46B8-47D4-AFDF-07F36FA91FC9}"
EndProject
Project("{FAE04EC0-301F-11D3-BF4B-00C04F79EFBC}") = "Forandforeach", "Forandforeach\Forandforeach.csproj", "{F189D3E9-5572-4089-84F9-49E66111287F}"
EndProject
Project("{FAE04EC0-301F-11D3-BF4B-00C04F79EFBC}") = "Listameddigbirja", "Listameddigbirja\Listameddigbirja.csproj", "{DA0E6FA9-4305-4401-9C43-C8F2FAA0C75F}"
EndProject
Project("{FAE04EC0-301F-11D3-BF4B-00C04F79EFBC}") = "Fibonacci", "Fibonacci\Fibonacci.csproj", "{7B6CE095-6A9C-4DA9-8D2C-E925A2B825ED}"
EndProject
Project("{FAE04EC0-301F-11D3-BF4B-00C04F79EFBC}") = "MatrixBill", "MatrixBill\MatrixBill.csproj", "{515BFEEA-F298-4C32-AC73-FCB809E98F34}"
EndProject
Project("{FAE04EC0-301F-11D3-BF4B-00C04F79EFBC}") = "MatrixBill4", "MatrixBill4\MatrixBill4.csproj", "{0BC92512-D352-4534-A758-8480D448864F}"
EndProject
Project("{FAE04EC0-301F-11D3-BF4B-00C04F79EFBC}") = "Matrix5", "Matrix5\Matrix5.csproj", "{BB9406C2-AF6F-4DF6-956D-BE178D9E59A4}"
EndProject
Project("{FAE04EC0-301F-11D3-BF4B-00C04F79EFBC}") = "Matrix6", "Matrix6\Matrix6.csproj", "{ECC7E26D-ECF3-4AB2-A125-E2F383D6BB38}"
EndProject
Project("{FAE04EC0-301F-11D3-BF4B-00C04F79EFBC}") = "teszt", "teszt\teszt.csproj", "{B63868D0-143C-4960-A876-C0E847969455}"
EndProject
Project("{FAE04EC0-301F-11D3-BF4B-00C04F79EFBC}") = "tesztforteszt", "tesztforteszt\tesztforteszt.csproj", "{7090A2CD-172B-4EDA-90B0-6A5FE2B3A16D}"
EndProject
Project("{FAE04EC0-301F-11D3-BF4B-00C04F79EFBC}") = "negyszog", "negyszog\negyszog.csproj", "{6DEC2017-4975-4869-9F94-5018BB6675EB}"
EndProject
Project("{FAE04EC0-301F-11D3-BF4B-00C04F79EFBC}") = "tesztttt", "tesztttt\tesztttt.csproj", "{77E9AD15-C17D-4902-A6C5-E5E1208BAE72}"
EndProject
Project("{FAE04EC0-301F-11D3-BF4B-00C04F79EFBC}") = "oszthat", "osthat\oszthat.csproj", "{31741FFD-6277-4428-BF72-574441748CBD}"
EndProject
Project("{FAE04EC0-301F-11D3-BF4B-00C04F79EFBC}") = "Listakezeles", "Listakezeles\Listakezeles.csproj", "{E63554FE-65CD-42D8-9E9F-5ECFC418AAAB}"
EndProject
Project("{FAE04EC0-301F-11D3-BF4B-00C04F79EFBC}") = "barat", "barat\barat.csproj", "{09710772-6CDC-42DD-BA45-42AF74B34F05}"
EndProject
Project("{FAE04EC0-301F-11D3-BF4B-00C04F79EFBC}") = "Autolist", "Autolist\Autolist.csproj", "{F785FDED-A955-4138-9EB6-77F3F91AB681}"
EndProject
Project("{FAE04EC0-301F-11D3-BF4B-00C04F79EFBC}") = "igendesktop", "igendesktop\igendesktop.csproj", "{EBCC6FDE-28D0-47AC-B2F8-769499A4C1AE}"
EndProject
Project("{FAE04EC0-301F-11D3-BF4B-00C04F79EFBC}") = "szovegekkkkkkkkkkkkk", "szovegekkkkkkkkkkkkk\szovegekkkkkkkkkkkkk.csproj", "{1EED7ADA-67EA-48E7-9A4D-2E97B7A084EC}"
EndProject
Project("{FAE04EC0-301F-11D3-BF4B-00C04F79EFBC}") = "CalculatorTest", "CalculatorTest\CalculatorTest.csproj", "{E3E35C73-AD8C-417E-9627-3F1A7F51A63A}"
EndProject
Project("{FAE04EC0-301F-11D3-BF4B-00C04F79EFBC}") = "MinMaxClass", "MinMaxClass\MinMaxClass.csproj", "{67C4DC75-B27B-4423-9142-ABCF665ABB37}"
EndProject
Project("{FAE04EC0-301F-11D3-BF4B-00C04F79EFBC}") = "formmozg", "formmozg\formmozg.csproj", "{F0F9EBCB-A6D6-42E3-8A12-D7A21E60CA17}"
EndProject
Project("{FAE04EC0-301F-11D3-BF4B-00C04F79EFBC}") = "TéglaTD", "TéglaTD\TéglaTD.csproj", "{8EA9553B-F4FC-4862-91AE-CA4A2F644368}"
EndProject
Project("{FAE04EC0-301F-11D3-BF4B-00C04F79EFBC}") = "TeglaTDTest", "TeglaTDTest\TeglaTDTest.csproj", "{4C8E6393-AB9A-4396-BBD9-28193A165A60}"
EndProject
Global
	GlobalSection(SolutionConfigurationPlatforms) = preSolution
		Debug|Any CPU = Debug|Any CPU
		Debug|x64 = Debug|x64
		Release|Any CPU = Release|Any CPU
		Release|x64 = Release|x64
	EndGlobalSection
	GlobalSection(ProjectConfigurationPlatforms) = postSolution
		{20769943-8C82-4E05-9CCC-D45827287472}.Debug|Any CPU.ActiveCfg = Debug|Any CPU
		{20769943-8C82-4E05-9CCC-D45827287472}.Debug|Any CPU.Build.0 = Debug|Any CPU
		{20769943-8C82-4E05-9CCC-D45827287472}.Debug|x64.ActiveCfg = Debug|x64
		{20769943-8C82-4E05-9CCC-D45827287472}.Debug|x64.Build.0 = Debug|x64
		{20769943-8C82-4E05-9CCC-D45827287472}.Release|Any CPU.ActiveCfg = Release|Any CPU
		{20769943-8C82-4E05-9CCC-D45827287472}.Release|Any CPU.Build.0 = Release|Any CPU
		{20769943-8C82-4E05-9CCC-D45827287472}.Release|x64.ActiveCfg = Release|x64
		{20769943-8C82-4E05-9CCC-D45827287472}.Release|x64.Build.0 = Release|x64
		{AFC25979-D223-4F61-A7D3-E8F99284B258}.Debug|Any CPU.ActiveCfg = Debug|Any CPU
		{AFC25979-D223-4F61-A7D3-E8F99284B258}.Debug|Any CPU.Build.0 = Debug|Any CPU
		{AFC25979-D223-4F61-A7D3-E8F99284B258}.Debug|x64.ActiveCfg = Debug|x64
		{AFC25979-D223-4F61-A7D3-E8F99284B258}.Debug|x64.Build.0 = Debug|x64
		{AFC25979-D223-4F61-A7D3-E8F99284B258}.Release|Any CPU.ActiveCfg = Release|Any CPU
		{AFC25979-D223-4F61-A7D3-E8F99284B258}.Release|Any CPU.Build.0 = Release|Any CPU
		{AFC25979-D223-4F61-A7D3-E8F99284B258}.Release|x64.ActiveCfg = Release|x64
		{AFC25979-D223-4F61-A7D3-E8F99284B258}.Release|x64.Build.0 = Release|x64
		{91E245D6-5ED4-4F84-9634-04401B830D49}.Debug|Any CPU.ActiveCfg = Debug|Any CPU
		{91E245D6-5ED4-4F84-9634-04401B830D49}.Debug|Any CPU.Build.0 = Debug|Any CPU
		{91E245D6-5ED4-4F84-9634-04401B830D49}.Debug|x64.ActiveCfg = Debug|x64
		{91E245D6-5ED4-4F84-9634-04401B830D49}.Debug|x64.Build.0 = Debug|x64
		{91E245D6-5ED4-4F84-9634-04401B830D49}.Release|Any CPU.ActiveCfg = Release|Any CPU
		{91E245D6-5ED4-4F84-9634-04401B830D49}.Release|Any CPU.Build.0 = Release|Any CPU
		{91E245D6-5ED4-4F84-9634-04401B830D49}.Release|x64.ActiveCfg = Release|x64
		{91E245D6-5ED4-4F84-9634-04401B830D49}.Release|x64.Build.0 = Release|x64
		{CD798C29-1F16-40C7-8A90-34128048AF4A}.Debug|Any CPU.ActiveCfg = Debug|Any CPU
		{CD798C29-1F16-40C7-8A90-34128048AF4A}.Debug|Any CPU.Build.0 = Debug|Any CPU
		{CD798C29-1F16-40C7-8A90-34128048AF4A}.Debug|x64.ActiveCfg = Debug|x64
		{CD798C29-1F16-40C7-8A90-34128048AF4A}.Debug|x64.Build.0 = Debug|x64
		{CD798C29-1F16-40C7-8A90-34128048AF4A}.Release|Any CPU.ActiveCfg = Release|Any CPU
		{CD798C29-1F16-40C7-8A90-34128048AF4A}.Release|Any CPU.Build.0 = Release|Any CPU
		{CD798C29-1F16-40C7-8A90-34128048AF4A}.Release|x64.ActiveCfg = Release|x64
		{CD798C29-1F16-40C7-8A90-34128048AF4A}.Release|x64.Build.0 = Release|x64
		{EB979377-67DB-4BB4-9008-30FB156E3558}.Debug|Any CPU.ActiveCfg = Debug|Any CPU
		{EB979377-67DB-4BB4-9008-30FB156E3558}.Debug|Any CPU.Build.0 = Debug|Any CPU
		{EB979377-67DB-4BB4-9008-30FB156E3558}.Debug|x64.ActiveCfg = Debug|x64
		{EB979377-67DB-4BB4-9008-30FB156E3558}.Debug|x64.Build.0 = Debug|x64
		{EB979377-67DB-4BB4-9008-30FB156E3558}.Release|Any CPU.ActiveCfg = Release|Any CPU
		{EB979377-67DB-4BB4-9008-30FB156E3558}.Release|Any CPU.Build.0 = Release|Any CPU
		{EB979377-67DB-4BB4-9008-30FB156E3558}.Release|x64.ActiveCfg = Release|x64
		{EB979377-67DB-4BB4-9008-30FB156E3558}.Release|x64.Build.0 = Release|x64
		{BA12E115-1A78-4667-BC93-B8E14E14D527}.Debug|Any CPU.ActiveCfg = Debug|Any CPU
		{BA12E115-1A78-4667-BC93-B8E14E14D527}.Debug|Any CPU.Build.0 = Debug|Any CPU
		{BA12E115-1A78-4667-BC93-B8E14E14D527}.Debug|x64.ActiveCfg = Debug|x64
		{BA12E115-1A78-4667-BC93-B8E14E14D527}.Debug|x64.Build.0 = Debug|x64
		{BA12E115-1A78-4667-BC93-B8E14E14D527}.Release|Any CPU.ActiveCfg = Release|Any CPU
		{BA12E115-1A78-4667-BC93-B8E14E14D527}.Release|Any CPU.Build.0 = Release|Any CPU
		{BA12E115-1A78-4667-BC93-B8E14E14D527}.Release|x64.ActiveCfg = Release|x64
		{BA12E115-1A78-4667-BC93-B8E14E14D527}.Release|x64.Build.0 = Release|x64
		{219AD123-5232-4B02-9F2C-1763019EA89C}.Debug|Any CPU.ActiveCfg = Debug|Any CPU
		{219AD123-5232-4B02-9F2C-1763019EA89C}.Debug|Any CPU.Build.0 = Debug|Any CPU
		{219AD123-5232-4B02-9F2C-1763019EA89C}.Debug|x64.ActiveCfg = Debug|x64
		{219AD123-5232-4B02-9F2C-1763019EA89C}.Debug|x64.Build.0 = Debug|x64
		{219AD123-5232-4B02-9F2C-1763019EA89C}.Release|Any CPU.ActiveCfg = Release|Any CPU
		{219AD123-5232-4B02-9F2C-1763019EA89C}.Release|Any CPU.Build.0 = Release|Any CPU
		{219AD123-5232-4B02-9F2C-1763019EA89C}.Release|x64.ActiveCfg = Release|x64
		{219AD123-5232-4B02-9F2C-1763019EA89C}.Release|x64.Build.0 = Release|x64
		{C28BBBBC-DA61-4A84-9F2A-1E0BE592BFA9}.Debug|Any CPU.ActiveCfg = Debug|Any CPU
		{C28BBBBC-DA61-4A84-9F2A-1E0BE592BFA9}.Debug|Any CPU.Build.0 = Debug|Any CPU
		{C28BBBBC-DA61-4A84-9F2A-1E0BE592BFA9}.Debug|x64.ActiveCfg = Debug|x64
		{C28BBBBC-DA61-4A84-9F2A-1E0BE592BFA9}.Debug|x64.Build.0 = Debug|x64
		{C28BBBBC-DA61-4A84-9F2A-1E0BE592BFA9}.Release|Any CPU.ActiveCfg = Release|Any CPU
		{C28BBBBC-DA61-4A84-9F2A-1E0BE592BFA9}.Release|Any CPU.Build.0 = Release|Any CPU
		{C28BBBBC-DA61-4A84-9F2A-1E0BE592BFA9}.Release|x64.ActiveCfg = Release|x64
		{C28BBBBC-DA61-4A84-9F2A-1E0BE592BFA9}.Release|x64.Build.0 = Release|x64
		{9692D85F-4246-44D3-9A8C-44B679AC0FB9}.Debug|Any CPU.ActiveCfg = Debug|Any CPU
		{9692D85F-4246-44D3-9A8C-44B679AC0FB9}.Debug|Any CPU.Build.0 = Debug|Any CPU
		{9692D85F-4246-44D3-9A8C-44B679AC0FB9}.Debug|x64.ActiveCfg = Debug|x64
		{9692D85F-4246-44D3-9A8C-44B679AC0FB9}.Debug|x64.Build.0 = Debug|x64
		{9692D85F-4246-44D3-9A8C-44B679AC0FB9}.Release|Any CPU.ActiveCfg = Release|Any CPU
		{9692D85F-4246-44D3-9A8C-44B679AC0FB9}.Release|Any CPU.Build.0 = Release|Any CPU
		{9692D85F-4246-44D3-9A8C-44B679AC0FB9}.Release|x64.ActiveCfg = Release|x64
		{9692D85F-4246-44D3-9A8C-44B679AC0FB9}.Release|x64.Build.0 = Release|x64
		{B1E9BAE0-261A-4A49-9B7C-E44544F25816}.Debug|Any CPU.ActiveCfg = Debug|Any CPU
		{B1E9BAE0-261A-4A49-9B7C-E44544F25816}.Debug|Any CPU.Build.0 = Debug|Any CPU
		{B1E9BAE0-261A-4A49-9B7C-E44544F25816}.Debug|x64.ActiveCfg = Debug|x64
		{B1E9BAE0-261A-4A49-9B7C-E44544F25816}.Debug|x64.Build.0 = Debug|x64
		{B1E9BAE0-261A-4A49-9B7C-E44544F25816}.Release|Any CPU.ActiveCfg = Release|Any CPU
		{B1E9BAE0-261A-4A49-9B7C-E44544F25816}.Release|Any CPU.Build.0 = Release|Any CPU
		{B1E9BAE0-261A-4A49-9B7C-E44544F25816}.Release|x64.ActiveCfg = Release|x64
		{B1E9BAE0-261A-4A49-9B7C-E44544F25816}.Release|x64.Build.0 = Release|x64
		{1CCC95E5-2D56-403D-AEA2-96426E95A9F9}.Debug|Any CPU.ActiveCfg = Debug|Any CPU
		{1CCC95E5-2D56-403D-AEA2-96426E95A9F9}.Debug|Any CPU.Build.0 = Debug|Any CPU
		{1CCC95E5-2D56-403D-AEA2-96426E95A9F9}.Debug|x64.ActiveCfg = Debug|x64
		{1CCC95E5-2D56-403D-AEA2-96426E95A9F9}.Debug|x64.Build.0 = Debug|x64
		{1CCC95E5-2D56-403D-AEA2-96426E95A9F9}.Release|Any CPU.ActiveCfg = Release|Any CPU
		{1CCC95E5-2D56-403D-AEA2-96426E95A9F9}.Release|Any CPU.Build.0 = Release|Any CPU
		{1CCC95E5-2D56-403D-AEA2-96426E95A9F9}.Release|x64.ActiveCfg = Release|x64
		{1CCC95E5-2D56-403D-AEA2-96426E95A9F9}.Release|x64.Build.0 = Release|x64
		{2DB53B39-A954-46A2-9AAB-3758665F8C31}.Debug|Any CPU.ActiveCfg = Debug|Any CPU
		{2DB53B39-A954-46A2-9AAB-3758665F8C31}.Debug|Any CPU.Build.0 = Debug|Any CPU
		{2DB53B39-A954-46A2-9AAB-3758665F8C31}.Debug|x64.ActiveCfg = Debug|x64
		{2DB53B39-A954-46A2-9AAB-3758665F8C31}.Debug|x64.Build.0 = Debug|x64
		{2DB53B39-A954-46A2-9AAB-3758665F8C31}.Release|Any CPU.ActiveCfg = Release|Any CPU
		{2DB53B39-A954-46A2-9AAB-3758665F8C31}.Release|Any CPU.Build.0 = Release|Any CPU
		{2DB53B39-A954-46A2-9AAB-3758665F8C31}.Release|x64.ActiveCfg = Release|x64
		{2DB53B39-A954-46A2-9AAB-3758665F8C31}.Release|x64.Build.0 = Release|x64
		{9411AC79-C9A3-489E-9916-95EF45D602CB}.Debug|Any CPU.ActiveCfg = Debug|Any CPU
		{9411AC79-C9A3-489E-9916-95EF45D602CB}.Debug|Any CPU.Build.0 = Debug|Any CPU
		{9411AC79-C9A3-489E-9916-95EF45D602CB}.Debug|x64.ActiveCfg = Debug|x64
		{9411AC79-C9A3-489E-9916-95EF45D602CB}.Debug|x64.Build.0 = Debug|x64
		{9411AC79-C9A3-489E-9916-95EF45D602CB}.Release|Any CPU.ActiveCfg = Release|Any CPU
		{9411AC79-C9A3-489E-9916-95EF45D602CB}.Release|Any CPU.Build.0 = Release|Any CPU
		{9411AC79-C9A3-489E-9916-95EF45D602CB}.Release|x64.ActiveCfg = Release|x64
		{9411AC79-C9A3-489E-9916-95EF45D602CB}.Release|x64.Build.0 = Release|x64
		{0FDE565B-7F9F-43E3-8313-8266CD39F00E}.Debug|Any CPU.ActiveCfg = Debug|Any CPU
		{0FDE565B-7F9F-43E3-8313-8266CD39F00E}.Debug|Any CPU.Build.0 = Debug|Any CPU
		{0FDE565B-7F9F-43E3-8313-8266CD39F00E}.Debug|x64.ActiveCfg = Debug|x64
		{0FDE565B-7F9F-43E3-8313-8266CD39F00E}.Debug|x64.Build.0 = Debug|x64
		{0FDE565B-7F9F-43E3-8313-8266CD39F00E}.Release|Any CPU.ActiveCfg = Release|Any CPU
		{0FDE565B-7F9F-43E3-8313-8266CD39F00E}.Release|Any CPU.Build.0 = Release|Any CPU
		{0FDE565B-7F9F-43E3-8313-8266CD39F00E}.Release|x64.ActiveCfg = Release|x64
		{0FDE565B-7F9F-43E3-8313-8266CD39F00E}.Release|x64.Build.0 = Release|x64
		{8B161EBB-6516-4C0A-AEC0-E2960E157598}.Debug|Any CPU.ActiveCfg = Debug|Any CPU
		{8B161EBB-6516-4C0A-AEC0-E2960E157598}.Debug|Any CPU.Build.0 = Debug|Any CPU
		{8B161EBB-6516-4C0A-AEC0-E2960E157598}.Debug|x64.ActiveCfg = Debug|x64
		{8B161EBB-6516-4C0A-AEC0-E2960E157598}.Debug|x64.Build.0 = Debug|x64
		{8B161EBB-6516-4C0A-AEC0-E2960E157598}.Release|Any CPU.ActiveCfg = Release|Any CPU
		{8B161EBB-6516-4C0A-AEC0-E2960E157598}.Release|Any CPU.Build.0 = Release|Any CPU
		{8B161EBB-6516-4C0A-AEC0-E2960E157598}.Release|x64.ActiveCfg = Release|x64
		{8B161EBB-6516-4C0A-AEC0-E2960E157598}.Release|x64.Build.0 = Release|x64
		{4FF3D6A9-51E2-4405-B385-01DD575AF27C}.Debug|Any CPU.ActiveCfg = Debug|Any CPU
		{4FF3D6A9-51E2-4405-B385-01DD575AF27C}.Debug|Any CPU.Build.0 = Debug|Any CPU
		{4FF3D6A9-51E2-4405-B385-01DD575AF27C}.Debug|x64.ActiveCfg = Debug|x64
		{4FF3D6A9-51E2-4405-B385-01DD575AF27C}.Debug|x64.Build.0 = Debug|x64
		{4FF3D6A9-51E2-4405-B385-01DD575AF27C}.Release|Any CPU.ActiveCfg = Release|Any CPU
		{4FF3D6A9-51E2-4405-B385-01DD575AF27C}.Release|Any CPU.Build.0 = Release|Any CPU
		{4FF3D6A9-51E2-4405-B385-01DD575AF27C}.Release|x64.ActiveCfg = Release|x64
		{4FF3D6A9-51E2-4405-B385-01DD575AF27C}.Release|x64.Build.0 = Release|x64
		{607C53AA-F4A5-4BEB-918F-2DC7E8AB0D18}.Debug|Any CPU.ActiveCfg = Debug|Any CPU
		{607C53AA-F4A5-4BEB-918F-2DC7E8AB0D18}.Debug|Any CPU.Build.0 = Debug|Any CPU
		{607C53AA-F4A5-4BEB-918F-2DC7E8AB0D18}.Debug|x64.ActiveCfg = Debug|x64
		{607C53AA-F4A5-4BEB-918F-2DC7E8AB0D18}.Debug|x64.Build.0 = Debug|x64
		{607C53AA-F4A5-4BEB-918F-2DC7E8AB0D18}.Release|Any CPU.ActiveCfg = Release|Any CPU
		{607C53AA-F4A5-4BEB-918F-2DC7E8AB0D18}.Release|Any CPU.Build.0 = Release|Any CPU
		{607C53AA-F4A5-4BEB-918F-2DC7E8AB0D18}.Release|x64.ActiveCfg = Release|x64
		{607C53AA-F4A5-4BEB-918F-2DC7E8AB0D18}.Release|x64.Build.0 = Release|x64
		{39ABBD62-5B3B-4FB6-8200-C7760FEA04E9}.Debug|Any CPU.ActiveCfg = Debug|Any CPU
		{39ABBD62-5B3B-4FB6-8200-C7760FEA04E9}.Debug|Any CPU.Build.0 = Debug|Any CPU
		{39ABBD62-5B3B-4FB6-8200-C7760FEA04E9}.Debug|x64.ActiveCfg = Debug|x64
		{39ABBD62-5B3B-4FB6-8200-C7760FEA04E9}.Debug|x64.Build.0 = Debug|x64
		{39ABBD62-5B3B-4FB6-8200-C7760FEA04E9}.Release|Any CPU.ActiveCfg = Release|Any CPU
		{39ABBD62-5B3B-4FB6-8200-C7760FEA04E9}.Release|Any CPU.Build.0 = Release|Any CPU
		{39ABBD62-5B3B-4FB6-8200-C7760FEA04E9}.Release|x64.ActiveCfg = Release|x64
		{39ABBD62-5B3B-4FB6-8200-C7760FEA04E9}.Release|x64.Build.0 = Release|x64
		{12F13C03-3F7F-433F-BF20-43AA184757A1}.Debug|Any CPU.ActiveCfg = Debug|Any CPU
		{12F13C03-3F7F-433F-BF20-43AA184757A1}.Debug|Any CPU.Build.0 = Debug|Any CPU
		{12F13C03-3F7F-433F-BF20-43AA184757A1}.Debug|x64.ActiveCfg = Debug|x64
		{12F13C03-3F7F-433F-BF20-43AA184757A1}.Debug|x64.Build.0 = Debug|x64
		{12F13C03-3F7F-433F-BF20-43AA184757A1}.Release|Any CPU.ActiveCfg = Release|Any CPU
		{12F13C03-3F7F-433F-BF20-43AA184757A1}.Release|Any CPU.Build.0 = Release|Any CPU
		{12F13C03-3F7F-433F-BF20-43AA184757A1}.Release|x64.ActiveCfg = Release|x64
		{12F13C03-3F7F-433F-BF20-43AA184757A1}.Release|x64.Build.0 = Release|x64
		{1F4A1B7C-ACFC-472D-9D92-8E128276437E}.Debug|Any CPU.ActiveCfg = Debug|Any CPU
		{1F4A1B7C-ACFC-472D-9D92-8E128276437E}.Debug|Any CPU.Build.0 = Debug|Any CPU
		{1F4A1B7C-ACFC-472D-9D92-8E128276437E}.Debug|x64.ActiveCfg = Debug|x64
		{1F4A1B7C-ACFC-472D-9D92-8E128276437E}.Debug|x64.Build.0 = Debug|x64
		{1F4A1B7C-ACFC-472D-9D92-8E128276437E}.Release|Any CPU.ActiveCfg = Release|Any CPU
		{1F4A1B7C-ACFC-472D-9D92-8E128276437E}.Release|Any CPU.Build.0 = Release|Any CPU
		{1F4A1B7C-ACFC-472D-9D92-8E128276437E}.Release|x64.ActiveCfg = Release|x64
		{1F4A1B7C-ACFC-472D-9D92-8E128276437E}.Release|x64.Build.0 = Release|x64
		{5D1F5E81-E080-4A2A-A235-F2136651DFF2}.Debug|Any CPU.ActiveCfg = Debug|Any CPU
		{5D1F5E81-E080-4A2A-A235-F2136651DFF2}.Debug|Any CPU.Build.0 = Debug|Any CPU
		{5D1F5E81-E080-4A2A-A235-F2136651DFF2}.Debug|x64.ActiveCfg = Debug|x64
		{5D1F5E81-E080-4A2A-A235-F2136651DFF2}.Debug|x64.Build.0 = Debug|x64
		{5D1F5E81-E080-4A2A-A235-F2136651DFF2}.Release|Any CPU.ActiveCfg = Release|Any CPU
		{5D1F5E81-E080-4A2A-A235-F2136651DFF2}.Release|Any CPU.Build.0 = Release|Any CPU
		{5D1F5E81-E080-4A2A-A235-F2136651DFF2}.Release|x64.ActiveCfg = Release|x64
		{5D1F5E81-E080-4A2A-A235-F2136651DFF2}.Release|x64.Build.0 = Release|x64
		{3116F2DA-02D2-4768-82F6-8935D8ED26C4}.Debug|Any CPU.ActiveCfg = Debug|Any CPU
		{3116F2DA-02D2-4768-82F6-8935D8ED26C4}.Debug|Any CPU.Build.0 = Debug|Any CPU
		{3116F2DA-02D2-4768-82F6-8935D8ED26C4}.Debug|x64.ActiveCfg = Debug|x64
		{3116F2DA-02D2-4768-82F6-8935D8ED26C4}.Debug|x64.Build.0 = Debug|x64
		{3116F2DA-02D2-4768-82F6-8935D8ED26C4}.Release|Any CPU.ActiveCfg = Release|Any CPU
		{3116F2DA-02D2-4768-82F6-8935D8ED26C4}.Release|Any CPU.Build.0 = Release|Any CPU
		{3116F2DA-02D2-4768-82F6-8935D8ED26C4}.Release|x64.ActiveCfg = Release|x64
		{3116F2DA-02D2-4768-82F6-8935D8ED26C4}.Release|x64.Build.0 = Release|x64
		{C86062A4-B011-42D7-A367-6BB3959DACA7}.Debug|Any CPU.ActiveCfg = Debug|Any CPU
		{C86062A4-B011-42D7-A367-6BB3959DACA7}.Debug|Any CPU.Build.0 = Debug|Any CPU
		{C86062A4-B011-42D7-A367-6BB3959DACA7}.Debug|x64.ActiveCfg = Debug|x64
		{C86062A4-B011-42D7-A367-6BB3959DACA7}.Debug|x64.Build.0 = Debug|x64
		{C86062A4-B011-42D7-A367-6BB3959DACA7}.Release|Any CPU.ActiveCfg = Release|Any CPU
		{C86062A4-B011-42D7-A367-6BB3959DACA7}.Release|Any CPU.Build.0 = Release|Any CPU
		{C86062A4-B011-42D7-A367-6BB3959DACA7}.Release|x64.ActiveCfg = Release|x64
		{C86062A4-B011-42D7-A367-6BB3959DACA7}.Release|x64.Build.0 = Release|x64
		{1DF697D8-FB5B-455B-9930-293EAE221916}.Debug|Any CPU.ActiveCfg = Debug|Any CPU
		{1DF697D8-FB5B-455B-9930-293EAE221916}.Debug|Any CPU.Build.0 = Debug|Any CPU
		{1DF697D8-FB5B-455B-9930-293EAE221916}.Debug|x64.ActiveCfg = Debug|x64
		{1DF697D8-FB5B-455B-9930-293EAE221916}.Debug|x64.Build.0 = Debug|x64
		{1DF697D8-FB5B-455B-9930-293EAE221916}.Release|Any CPU.ActiveCfg = Release|Any CPU
		{1DF697D8-FB5B-455B-9930-293EAE221916}.Release|Any CPU.Build.0 = Release|Any CPU
		{1DF697D8-FB5B-455B-9930-293EAE221916}.Release|x64.ActiveCfg = Release|x64
		{1DF697D8-FB5B-455B-9930-293EAE221916}.Release|x64.Build.0 = Release|x64
		{FEB96C62-46B8-47D4-AFDF-07F36FA91FC9}.Debug|Any CPU.ActiveCfg = Debug|Any CPU
		{FEB96C62-46B8-47D4-AFDF-07F36FA91FC9}.Debug|Any CPU.Build.0 = Debug|Any CPU
		{FEB96C62-46B8-47D4-AFDF-07F36FA91FC9}.Debug|x64.ActiveCfg = Debug|x64
		{FEB96C62-46B8-47D4-AFDF-07F36FA91FC9}.Debug|x64.Build.0 = Debug|x64
		{FEB96C62-46B8-47D4-AFDF-07F36FA91FC9}.Release|Any CPU.ActiveCfg = Release|Any CPU
		{FEB96C62-46B8-47D4-AFDF-07F36FA91FC9}.Release|Any CPU.Build.0 = Release|Any CPU
		{FEB96C62-46B8-47D4-AFDF-07F36FA91FC9}.Release|x64.ActiveCfg = Release|x64
		{FEB96C62-46B8-47D4-AFDF-07F36FA91FC9}.Release|x64.Build.0 = Release|x64
		{F189D3E9-5572-4089-84F9-49E66111287F}.Debug|Any CPU.ActiveCfg = Debug|Any CPU
		{F189D3E9-5572-4089-84F9-49E66111287F}.Debug|Any CPU.Build.0 = Debug|Any CPU
		{F189D3E9-5572-4089-84F9-49E66111287F}.Debug|x64.ActiveCfg = Debug|x64
		{F189D3E9-5572-4089-84F9-49E66111287F}.Debug|x64.Build.0 = Debug|x64
		{F189D3E9-5572-4089-84F9-49E66111287F}.Release|Any CPU.ActiveCfg = Release|Any CPU
		{F189D3E9-5572-4089-84F9-49E66111287F}.Release|Any CPU.Build.0 = Release|Any CPU
		{F189D3E9-5572-4089-84F9-49E66111287F}.Release|x64.ActiveCfg = Release|x64
		{F189D3E9-5572-4089-84F9-49E66111287F}.Release|x64.Build.0 = Release|x64
		{DA0E6FA9-4305-4401-9C43-C8F2FAA0C75F}.Debug|Any CPU.ActiveCfg = Debug|Any CPU
		{DA0E6FA9-4305-4401-9C43-C8F2FAA0C75F}.Debug|Any CPU.Build.0 = Debug|Any CPU
		{DA0E6FA9-4305-4401-9C43-C8F2FAA0C75F}.Debug|x64.ActiveCfg = Debug|x64
		{DA0E6FA9-4305-4401-9C43-C8F2FAA0C75F}.Debug|x64.Build.0 = Debug|x64
		{DA0E6FA9-4305-4401-9C43-C8F2FAA0C75F}.Release|Any CPU.ActiveCfg = Release|Any CPU
		{DA0E6FA9-4305-4401-9C43-C8F2FAA0C75F}.Release|Any CPU.Build.0 = Release|Any CPU
		{DA0E6FA9-4305-4401-9C43-C8F2FAA0C75F}.Release|x64.ActiveCfg = Release|x64
		{DA0E6FA9-4305-4401-9C43-C8F2FAA0C75F}.Release|x64.Build.0 = Release|x64
		{7B6CE095-6A9C-4DA9-8D2C-E925A2B825ED}.Debug|Any CPU.ActiveCfg = Debug|Any CPU
		{7B6CE095-6A9C-4DA9-8D2C-E925A2B825ED}.Debug|Any CPU.Build.0 = Debug|Any CPU
		{7B6CE095-6A9C-4DA9-8D2C-E925A2B825ED}.Debug|x64.ActiveCfg = Debug|x64
		{7B6CE095-6A9C-4DA9-8D2C-E925A2B825ED}.Debug|x64.Build.0 = Debug|x64
		{7B6CE095-6A9C-4DA9-8D2C-E925A2B825ED}.Release|Any CPU.ActiveCfg = Release|Any CPU
		{7B6CE095-6A9C-4DA9-8D2C-E925A2B825ED}.Release|Any CPU.Build.0 = Release|Any CPU
		{7B6CE095-6A9C-4DA9-8D2C-E925A2B825ED}.Release|x64.ActiveCfg = Release|x64
		{7B6CE095-6A9C-4DA9-8D2C-E925A2B825ED}.Release|x64.Build.0 = Release|x64
		{515BFEEA-F298-4C32-AC73-FCB809E98F34}.Debug|Any CPU.ActiveCfg = Debug|Any CPU
		{515BFEEA-F298-4C32-AC73-FCB809E98F34}.Debug|Any CPU.Build.0 = Debug|Any CPU
		{515BFEEA-F298-4C32-AC73-FCB809E98F34}.Debug|x64.ActiveCfg = Debug|x64
		{515BFEEA-F298-4C32-AC73-FCB809E98F34}.Debug|x64.Build.0 = Debug|x64
		{515BFEEA-F298-4C32-AC73-FCB809E98F34}.Release|Any CPU.ActiveCfg = Release|Any CPU
		{515BFEEA-F298-4C32-AC73-FCB809E98F34}.Release|Any CPU.Build.0 = Release|Any CPU
		{515BFEEA-F298-4C32-AC73-FCB809E98F34}.Release|x64.ActiveCfg = Release|x64
		{515BFEEA-F298-4C32-AC73-FCB809E98F34}.Release|x64.Build.0 = Release|x64
		{0BC92512-D352-4534-A758-8480D448864F}.Debug|Any CPU.ActiveCfg = Debug|Any CPU
		{0BC92512-D352-4534-A758-8480D448864F}.Debug|Any CPU.Build.0 = Debug|Any CPU
		{0BC92512-D352-4534-A758-8480D448864F}.Debug|x64.ActiveCfg = Debug|x64
		{0BC92512-D352-4534-A758-8480D448864F}.Debug|x64.Build.0 = Debug|x64
		{0BC92512-D352-4534-A758-8480D448864F}.Release|Any CPU.ActiveCfg = Release|Any CPU
		{0BC92512-D352-4534-A758-8480D448864F}.Release|Any CPU.Build.0 = Release|Any CPU
		{0BC92512-D352-4534-A758-8480D448864F}.Release|x64.ActiveCfg = Release|x64
		{0BC92512-D352-4534-A758-8480D448864F}.Release|x64.Build.0 = Release|x64
		{BB9406C2-AF6F-4DF6-956D-BE178D9E59A4}.Debug|Any CPU.ActiveCfg = Debug|Any CPU
		{BB9406C2-AF6F-4DF6-956D-BE178D9E59A4}.Debug|Any CPU.Build.0 = Debug|Any CPU
		{BB9406C2-AF6F-4DF6-956D-BE178D9E59A4}.Debug|x64.ActiveCfg = Debug|x64
		{BB9406C2-AF6F-4DF6-956D-BE178D9E59A4}.Debug|x64.Build.0 = Debug|x64
		{BB9406C2-AF6F-4DF6-956D-BE178D9E59A4}.Release|Any CPU.ActiveCfg = Release|Any CPU
		{BB9406C2-AF6F-4DF6-956D-BE178D9E59A4}.Release|Any CPU.Build.0 = Release|Any CPU
		{BB9406C2-AF6F-4DF6-956D-BE178D9E59A4}.Release|x64.ActiveCfg = Release|x64
		{BB9406C2-AF6F-4DF6-956D-BE178D9E59A4}.Release|x64.Build.0 = Release|x64
		{ECC7E26D-ECF3-4AB2-A125-E2F383D6BB38}.Debug|Any CPU.ActiveCfg = Debug|Any CPU
		{ECC7E26D-ECF3-4AB2-A125-E2F383D6BB38}.Debug|Any CPU.Build.0 = Debug|Any CPU
		{ECC7E26D-ECF3-4AB2-A125-E2F383D6BB38}.Debug|x64.ActiveCfg = Debug|x64
		{ECC7E26D-ECF3-4AB2-A125-E2F383D6BB38}.Debug|x64.Build.0 = Debug|x64
		{ECC7E26D-ECF3-4AB2-A125-E2F383D6BB38}.Release|Any CPU.ActiveCfg = Release|Any CPU
		{ECC7E26D-ECF3-4AB2-A125-E2F383D6BB38}.Release|Any CPU.Build.0 = Release|Any CPU
		{ECC7E26D-ECF3-4AB2-A125-E2F383D6BB38}.Release|x64.ActiveCfg = Release|x64
		{ECC7E26D-ECF3-4AB2-A125-E2F383D6BB38}.Release|x64.Build.0 = Release|x64
		{B63868D0-143C-4960-A876-C0E847969455}.Debug|Any CPU.ActiveCfg = Debug|Any CPU
		{B63868D0-143C-4960-A876-C0E847969455}.Debug|Any CPU.Build.0 = Debug|Any CPU
		{B63868D0-143C-4960-A876-C0E847969455}.Debug|x64.ActiveCfg = Debug|x64
		{B63868D0-143C-4960-A876-C0E847969455}.Debug|x64.Build.0 = Debug|x64
		{B63868D0-143C-4960-A876-C0E847969455}.Release|Any CPU.ActiveCfg = Release|Any CPU
		{B63868D0-143C-4960-A876-C0E847969455}.Release|Any CPU.Build.0 = Release|Any CPU
		{B63868D0-143C-4960-A876-C0E847969455}.Release|x64.ActiveCfg = Release|x64
		{B63868D0-143C-4960-A876-C0E847969455}.Release|x64.Build.0 = Release|x64
		{7090A2CD-172B-4EDA-90B0-6A5FE2B3A16D}.Debug|Any CPU.ActiveCfg = Debug|Any CPU
		{7090A2CD-172B-4EDA-90B0-6A5FE2B3A16D}.Debug|Any CPU.Build.0 = Debug|Any CPU
		{7090A2CD-172B-4EDA-90B0-6A5FE2B3A16D}.Debug|x64.ActiveCfg = Debug|x64
		{7090A2CD-172B-4EDA-90B0-6A5FE2B3A16D}.Debug|x64.Build.0 = Debug|x64
		{7090A2CD-172B-4EDA-90B0-6A5FE2B3A16D}.Release|Any CPU.ActiveCfg = Release|Any CPU
		{7090A2CD-172B-4EDA-90B0-6A5FE2B3A16D}.Release|Any CPU.Build.0 = Release|Any CPU
		{7090A2CD-172B-4EDA-90B0-6A5FE2B3A16D}.Release|x64.ActiveCfg = Release|x64
		{7090A2CD-172B-4EDA-90B0-6A5FE2B3A16D}.Release|x64.Build.0 = Release|x64
		{6DEC2017-4975-4869-9F94-5018BB6675EB}.Debug|Any CPU.ActiveCfg = Debug|Any CPU
		{6DEC2017-4975-4869-9F94-5018BB6675EB}.Debug|Any CPU.Build.0 = Debug|Any CPU
		{6DEC2017-4975-4869-9F94-5018BB6675EB}.Debug|x64.ActiveCfg = Debug|Any CPU
		{6DEC2017-4975-4869-9F94-5018BB6675EB}.Debug|x64.Build.0 = Debug|Any CPU
		{6DEC2017-4975-4869-9F94-5018BB6675EB}.Release|Any CPU.ActiveCfg = Release|Any CPU
		{6DEC2017-4975-4869-9F94-5018BB6675EB}.Release|Any CPU.Build.0 = Release|Any CPU
		{6DEC2017-4975-4869-9F94-5018BB6675EB}.Release|x64.ActiveCfg = Release|Any CPU
		{6DEC2017-4975-4869-9F94-5018BB6675EB}.Release|x64.Build.0 = Release|Any CPU
		{77E9AD15-C17D-4902-A6C5-E5E1208BAE72}.Debug|Any CPU.ActiveCfg = Debug|Any CPU
		{77E9AD15-C17D-4902-A6C5-E5E1208BAE72}.Debug|Any CPU.Build.0 = Debug|Any CPU
		{77E9AD15-C17D-4902-A6C5-E5E1208BAE72}.Debug|x64.ActiveCfg = Debug|Any CPU
		{77E9AD15-C17D-4902-A6C5-E5E1208BAE72}.Debug|x64.Build.0 = Debug|Any CPU
		{77E9AD15-C17D-4902-A6C5-E5E1208BAE72}.Release|Any CPU.ActiveCfg = Release|Any CPU
		{77E9AD15-C17D-4902-A6C5-E5E1208BAE72}.Release|Any CPU.Build.0 = Release|Any CPU
		{77E9AD15-C17D-4902-A6C5-E5E1208BAE72}.Release|x64.ActiveCfg = Release|Any CPU
		{77E9AD15-C17D-4902-A6C5-E5E1208BAE72}.Release|x64.Build.0 = Release|Any CPU
		{31741FFD-6277-4428-BF72-574441748CBD}.Debug|Any CPU.ActiveCfg = Debug|Any CPU
		{31741FFD-6277-4428-BF72-574441748CBD}.Debug|Any CPU.Build.0 = Debug|Any CPU
		{31741FFD-6277-4428-BF72-574441748CBD}.Debug|x64.ActiveCfg = Debug|Any CPU
		{31741FFD-6277-4428-BF72-574441748CBD}.Debug|x64.Build.0 = Debug|Any CPU
		{31741FFD-6277-4428-BF72-574441748CBD}.Release|Any CPU.ActiveCfg = Release|Any CPU
		{31741FFD-6277-4428-BF72-574441748CBD}.Release|Any CPU.Build.0 = Release|Any CPU
		{31741FFD-6277-4428-BF72-574441748CBD}.Release|x64.ActiveCfg = Release|Any CPU
		{31741FFD-6277-4428-BF72-574441748CBD}.Release|x64.Build.0 = Release|Any CPU
		{E63554FE-65CD-42D8-9E9F-5ECFC418AAAB}.Debug|Any CPU.ActiveCfg = Debug|Any CPU
		{E63554FE-65CD-42D8-9E9F-5ECFC418AAAB}.Debug|Any CPU.Build.0 = Debug|Any CPU
		{E63554FE-65CD-42D8-9E9F-5ECFC418AAAB}.Debug|x64.ActiveCfg = Debug|Any CPU
		{E63554FE-65CD-42D8-9E9F-5ECFC418AAAB}.Debug|x64.Build.0 = Debug|Any CPU
		{E63554FE-65CD-42D8-9E9F-5ECFC418AAAB}.Release|Any CPU.ActiveCfg = Release|Any CPU
		{E63554FE-65CD-42D8-9E9F-5ECFC418AAAB}.Release|Any CPU.Build.0 = Release|Any CPU
		{E63554FE-65CD-42D8-9E9F-5ECFC418AAAB}.Release|x64.ActiveCfg = Release|Any CPU
		{E63554FE-65CD-42D8-9E9F-5ECFC418AAAB}.Release|x64.Build.0 = Release|Any CPU
		{09710772-6CDC-42DD-BA45-42AF74B34F05}.Debug|Any CPU.ActiveCfg = Debug|Any CPU
		{09710772-6CDC-42DD-BA45-42AF74B34F05}.Debug|Any CPU.Build.0 = Debug|Any CPU
		{09710772-6CDC-42DD-BA45-42AF74B34F05}.Debug|x64.ActiveCfg = Debug|Any CPU
		{09710772-6CDC-42DD-BA45-42AF74B34F05}.Debug|x64.Build.0 = Debug|Any CPU
		{09710772-6CDC-42DD-BA45-42AF74B34F05}.Release|Any CPU.ActiveCfg = Release|Any CPU
		{09710772-6CDC-42DD-BA45-42AF74B34F05}.Release|Any CPU.Build.0 = Release|Any CPU
		{09710772-6CDC-42DD-BA45-42AF74B34F05}.Release|x64.ActiveCfg = Release|Any CPU
		{09710772-6CDC-42DD-BA45-42AF74B34F05}.Release|x64.Build.0 = Release|Any CPU
		{F785FDED-A955-4138-9EB6-77F3F91AB681}.Debug|Any CPU.ActiveCfg = Debug|Any CPU
		{F785FDED-A955-4138-9EB6-77F3F91AB681}.Debug|Any CPU.Build.0 = Debug|Any CPU
		{F785FDED-A955-4138-9EB6-77F3F91AB681}.Debug|x64.ActiveCfg = Debug|Any CPU
		{F785FDED-A955-4138-9EB6-77F3F91AB681}.Debug|x64.Build.0 = Debug|Any CPU
		{F785FDED-A955-4138-9EB6-77F3F91AB681}.Release|Any CPU.ActiveCfg = Release|Any CPU
		{F785FDED-A955-4138-9EB6-77F3F91AB681}.Release|Any CPU.Build.0 = Release|Any CPU
		{F785FDED-A955-4138-9EB6-77F3F91AB681}.Release|x64.ActiveCfg = Release|Any CPU
		{F785FDED-A955-4138-9EB6-77F3F91AB681}.Release|x64.Build.0 = Release|Any CPU
		{EBCC6FDE-28D0-47AC-B2F8-769499A4C1AE}.Debug|Any CPU.ActiveCfg = Debug|Any CPU
		{EBCC6FDE-28D0-47AC-B2F8-769499A4C1AE}.Debug|Any CPU.Build.0 = Debug|Any CPU
		{EBCC6FDE-28D0-47AC-B2F8-769499A4C1AE}.Debug|x64.ActiveCfg = Debug|Any CPU
		{EBCC6FDE-28D0-47AC-B2F8-769499A4C1AE}.Debug|x64.Build.0 = Debug|Any CPU
		{EBCC6FDE-28D0-47AC-B2F8-769499A4C1AE}.Release|Any CPU.ActiveCfg = Release|Any CPU
		{EBCC6FDE-28D0-47AC-B2F8-769499A4C1AE}.Release|Any CPU.Build.0 = Release|Any CPU
		{EBCC6FDE-28D0-47AC-B2F8-769499A4C1AE}.Release|x64.ActiveCfg = Release|Any CPU
		{EBCC6FDE-28D0-47AC-B2F8-769499A4C1AE}.Release|x64.Build.0 = Release|Any CPU
		{1EED7ADA-67EA-48E7-9A4D-2E97B7A084EC}.Debug|Any CPU.ActiveCfg = Debug|Any CPU
		{1EED7ADA-67EA-48E7-9A4D-2E97B7A084EC}.Debug|Any CPU.Build.0 = Debug|Any CPU
		{1EED7ADA-67EA-48E7-9A4D-2E97B7A084EC}.Debug|x64.ActiveCfg = Debug|Any CPU
		{1EED7ADA-67EA-48E7-9A4D-2E97B7A084EC}.Debug|x64.Build.0 = Debug|Any CPU
		{1EED7ADA-67EA-48E7-9A4D-2E97B7A084EC}.Release|Any CPU.ActiveCfg = Release|Any CPU
		{1EED7ADA-67EA-48E7-9A4D-2E97B7A084EC}.Release|Any CPU.Build.0 = Release|Any CPU
		{1EED7ADA-67EA-48E7-9A4D-2E97B7A084EC}.Release|x64.ActiveCfg = Release|Any CPU
		{1EED7ADA-67EA-48E7-9A4D-2E97B7A084EC}.Release|x64.Build.0 = Release|Any CPU
		{E3E35C73-AD8C-417E-9627-3F1A7F51A63A}.Debug|Any CPU.ActiveCfg = Debug|Any CPU
		{E3E35C73-AD8C-417E-9627-3F1A7F51A63A}.Debug|Any CPU.Build.0 = Debug|Any CPU
		{E3E35C73-AD8C-417E-9627-3F1A7F51A63A}.Debug|x64.ActiveCfg = Debug|Any CPU
		{E3E35C73-AD8C-417E-9627-3F1A7F51A63A}.Debug|x64.Build.0 = Debug|Any CPU
		{E3E35C73-AD8C-417E-9627-3F1A7F51A63A}.Release|Any CPU.ActiveCfg = Release|Any CPU
		{E3E35C73-AD8C-417E-9627-3F1A7F51A63A}.Release|Any CPU.Build.0 = Release|Any CPU
		{E3E35C73-AD8C-417E-9627-3F1A7F51A63A}.Release|x64.ActiveCfg = Release|Any CPU
		{E3E35C73-AD8C-417E-9627-3F1A7F51A63A}.Release|x64.Build.0 = Release|Any CPU
		{67C4DC75-B27B-4423-9142-ABCF665ABB37}.Debug|Any CPU.ActiveCfg = Debug|Any CPU
		{67C4DC75-B27B-4423-9142-ABCF665ABB37}.Debug|Any CPU.Build.0 = Debug|Any CPU
		{67C4DC75-B27B-4423-9142-ABCF665ABB37}.Debug|x64.ActiveCfg = Debug|Any CPU
		{67C4DC75-B27B-4423-9142-ABCF665ABB37}.Debug|x64.Build.0 = Debug|Any CPU
		{67C4DC75-B27B-4423-9142-ABCF665ABB37}.Release|Any CPU.ActiveCfg = Release|Any CPU
		{67C4DC75-B27B-4423-9142-ABCF665ABB37}.Release|Any CPU.Build.0 = Release|Any CPU
		{67C4DC75-B27B-4423-9142-ABCF665ABB37}.Release|x64.ActiveCfg = Release|Any CPU
		{67C4DC75-B27B-4423-9142-ABCF665ABB37}.Release|x64.Build.0 = Release|Any CPU
		{F0F9EBCB-A6D6-42E3-8A12-D7A21E60CA17}.Debug|Any CPU.ActiveCfg = Debug|Any CPU
		{F0F9EBCB-A6D6-42E3-8A12-D7A21E60CA17}.Debug|Any CPU.Build.0 = Debug|Any CPU
		{F0F9EBCB-A6D6-42E3-8A12-D7A21E60CA17}.Debug|x64.ActiveCfg = Debug|Any CPU
		{F0F9EBCB-A6D6-42E3-8A12-D7A21E60CA17}.Debug|x64.Build.0 = Debug|Any CPU
		{F0F9EBCB-A6D6-42E3-8A12-D7A21E60CA17}.Release|Any CPU.ActiveCfg = Release|Any CPU
		{F0F9EBCB-A6D6-42E3-8A12-D7A21E60CA17}.Release|Any CPU.Build.0 = Release|Any CPU
		{F0F9EBCB-A6D6-42E3-8A12-D7A21E60CA17}.Release|x64.ActiveCfg = Release|Any CPU
		{F0F9EBCB-A6D6-42E3-8A12-D7A21E60CA17}.Release|x64.Build.0 = Release|Any CPU
		{8EA9553B-F4FC-4862-91AE-CA4A2F644368}.Debug|Any CPU.ActiveCfg = Debug|Any CPU
		{8EA9553B-F4FC-4862-91AE-CA4A2F644368}.Debug|Any CPU.Build.0 = Debug|Any CPU
		{8EA9553B-F4FC-4862-91AE-CA4A2F644368}.Debug|x64.ActiveCfg = Debug|Any CPU
		{8EA9553B-F4FC-4862-91AE-CA4A2F644368}.Debug|x64.Build.0 = Debug|Any CPU
		{8EA9553B-F4FC-4862-91AE-CA4A2F644368}.Release|Any CPU.ActiveCfg = Release|Any CPU
		{8EA9553B-F4FC-4862-91AE-CA4A2F644368}.Release|Any CPU.Build.0 = Release|Any CPU
		{8EA9553B-F4FC-4862-91AE-CA4A2F644368}.Release|x64.ActiveCfg = Release|Any CPU
		{8EA9553B-F4FC-4862-91AE-CA4A2F644368}.Release|x64.Build.0 = Release|Any CPU
		{4C8E6393-AB9A-4396-BBD9-28193A165A60}.Debug|Any CPU.ActiveCfg = Debug|Any CPU
		{4C8E6393-AB9A-4396-BBD9-28193A165A60}.Debug|Any CPU.Build.0 = Debug|Any CPU
		{4C8E6393-AB9A-4396-BBD9-28193A165A60}.Debug|x64.ActiveCfg = Debug|Any CPU
		{4C8E6393-AB9A-4396-BBD9-28193A165A60}.Debug|x64.Build.0 = Debug|Any CPU
		{4C8E6393-AB9A-4396-BBD9-28193A165A60}.Release|Any CPU.ActiveCfg = Release|Any CPU
		{4C8E6393-AB9A-4396-BBD9-28193A165A60}.Release|Any CPU.Build.0 = Release|Any CPU
		{4C8E6393-AB9A-4396-BBD9-28193A165A60}.Release|x64.ActiveCfg = Release|Any CPU
		{4C8E6393-AB9A-4396-BBD9-28193A165A60}.Release|x64.Build.0 = Release|Any CPU
	EndGlobalSection
	GlobalSection(SolutionProperties) = preSolution
		HideSolutionNode = FALSE
	EndGlobalSection
	GlobalSection(ExtensibilityGlobals) = postSolution
		SolutionGuid = {BF9B74C6-EF5C-42F5-AFA6-357540224AEF}
	EndGlobalSection
EndGlobal
